
Microsoft Visual Studio Solution File, Format Version 12.00
# Visual Studio Version 17
VisualStudioVersion = 17.13.35931.197 d17.13
MinimumVisualStudioVersion = 10.0.40219.1
Project("{FAE04EC0-301F-11D3-BF4B-00C04F79EFBC}") = "BaseDados", "BaseDados\BaseDados.csproj", "{4B185E40-7189-463C-B62E-0A4BE114BCB5}"
EndProject
Project("{FAE04EC0-301F-11D3-BF4B-00C04F79EFBC}") = "Teste", "Teste\Teste.csproj", "{EA0E4194-7D0F-491E-AF8A-8DEABCBCE563}"
EndProject
Global
	GlobalSection(SolutionConfigurationPlatforms) = preSolution
		Debug|Any CPU = Debug|Any CPU
		Release|Any CPU = Release|Any CPU
	EndGlobalSection
	GlobalSection(ProjectConfigurationPlatforms) = postSolution
		{4B185E40-7189-463C-B62E-0A4BE114BCB5}.Debug|Any CPU.ActiveCfg = Debug|Any CPU
		{4B185E40-7189-463C-B62E-0A4BE114BCB5}.Debug|Any CPU.Build.0 = Debug|Any CPU
		{4B185E40-7189-463C-B62E-0A4BE114BCB5}.Release|Any CPU.ActiveCfg = Release|Any CPU
		{4B185E40-7189-463C-B62E-0A4BE114BCB5}.Release|Any CPU.Build.0 = Release|Any CPU
		{EA0E4194-7D0F-491E-AF8A-8DEABCBCE563}.Debug|Any CPU.ActiveCfg = Debug|Any CPU
		{EA0E4194-7D0F-491E-AF8A-8DEABCBCE563}.Debug|Any CPU.Build.0 = Debug|Any CPU
		{EA0E4194-7D0F-491E-AF8A-8DEABCBCE563}.Release|Any CPU.ActiveCfg = Release|Any CPU
		{EA0E4194-7D0F-491E-AF8A-8DEABCBCE563}.Release|Any CPU.Build.0 = Release|Any CPU
	EndGlobalSection
	GlobalSection(SolutionProperties) = preSolution
		HideSolutionNode = FALSE
	EndGlobalSection
	GlobalSection(ExtensibilityGlobals) = postSolution
		SolutionGuid = {091C4F1A-7595-44CC-BDFF-E5FEC624EECB}
	EndGlobalSection
EndGlobal
